
Microsoft Visual Studio Solution File, Format Version 12.00
# Visual Studio Version 17
VisualStudioVersion = 17.1.32210.238
MinimumVisualStudioVersion = 10.0.40219.1
Project("{FAE04EC0-301F-11D3-BF4B-00C04F79EFBC}") = "Task-3", "Task-3\Task-3.csproj", "{91B2D6FC-27EE-4A88-B6CB-BED3CAB0D8BC}"
EndProject
Global
	GlobalSection(SolutionConfigurationPlatforms) = preSolution
		Debug|Any CPU = Debug|Any CPU
		Release|Any CPU = Release|Any CPU
	EndGlobalSection
	GlobalSection(ProjectConfigurationPlatforms) = postSolution
		{91B2D6FC-27EE-4A88-B6CB-BED3CAB0D8BC}.Debug|Any CPU.ActiveCfg = Debug|Any CPU
		{91B2D6FC-27EE-4A88-B6CB-BED3CAB0D8BC}.Debug|Any CPU.Build.0 = Debug|Any CPU
		{91B2D6FC-27EE-4A88-B6CB-BED3CAB0D8BC}.Release|Any CPU.ActiveCfg = Release|Any CPU
		{91B2D6FC-27EE-4A88-B6CB-BED3CAB0D8BC}.Release|Any CPU.Build.0 = Release|Any CPU
	EndGlobalSection
	GlobalSection(SolutionProperties) = preSolution
		HideSolutionNode = FALSE
	EndGlobalSection
	GlobalSection(ExtensibilityGlobals) = postSolution
		SolutionGuid = {DB641C79-1DE5-4FC2-ACBC-0379FA51274F}
	EndGlobalSection
EndGlobal
